
Microsoft Visual Studio Solution File, Format Version 12.00
# Visual Studio 14
VisualStudioVersion = 14.0.25420.1
MinimumVisualStudioVersion = 10.0.40219.1
Project("{FAE04EC0-301F-11D3-BF4B-00C04F79EFBC}") = "EnvioDocumentos", "EnvioDocumentos\EnvioDocumentos.csproj", "{7EACE257-64BD-4427-8577-AF3452FD9292}"
EndProject
Project("{FAE04EC0-301F-11D3-BF4B-00C04F79EFBC}") = "CreaReporte", "CreaReporte\CreaReporte.csproj", "{9E73DCE8-4227-4BE3-9C90-CA9009D2F191}"
EndProject
Global
	GlobalSection(SolutionConfigurationPlatforms) = preSolution
		Debug|Any CPU = Debug|Any CPU
		Release|Any CPU = Release|Any CPU
	EndGlobalSection
	GlobalSection(ProjectConfigurationPlatforms) = postSolution
		{7EACE257-64BD-4427-8577-AF3452FD9292}.Debug|Any CPU.ActiveCfg = Debug|Any CPU
		{7EACE257-64BD-4427-8577-AF3452FD9292}.Debug|Any CPU.Build.0 = Debug|Any CPU
		{7EACE257-64BD-4427-8577-AF3452FD9292}.Release|Any CPU.ActiveCfg = Release|Any CPU
		{7EACE257-64BD-4427-8577-AF3452FD9292}.Release|Any CPU.Build.0 = Release|Any CPU
		{9E73DCE8-4227-4BE3-9C90-CA9009D2F191}.Debug|Any CPU.ActiveCfg = Debug|Any CPU
		{9E73DCE8-4227-4BE3-9C90-CA9009D2F191}.Debug|Any CPU.Build.0 = Debug|Any CPU
		{9E73DCE8-4227-4BE3-9C90-CA9009D2F191}.Release|Any CPU.ActiveCfg = Release|Any CPU
		{9E73DCE8-4227-4BE3-9C90-CA9009D2F191}.Release|Any CPU.Build.0 = Release|Any CPU
	EndGlobalSection
	GlobalSection(SolutionProperties) = preSolution
		HideSolutionNode = FALSE
	EndGlobalSection
EndGlobal
